
Microsoft Visual Studio Solution File, Format Version 12.00
# Visual Studio 15
VisualStudioVersion = 15.0.27130.2027
MinimumVisualStudioVersion = 10.0.40219.1
Project("{8BC9CEB8-8B4A-11D0-8D11-00A0C91BC942}") = "Project119", "Project119\Project119.vcxproj", "{8083FBFB-7C2C-419A-BC8C-D5B2FB314594}"
EndProject
Global
	GlobalSection(SolutionConfigurationPlatforms) = preSolution
		Debug|x64 = Debug|x64
		Debug|x86 = Debug|x86
		Release|x64 = Release|x64
		Release|x86 = Release|x86
	EndGlobalSection
	GlobalSection(ProjectConfigurationPlatforms) = postSolution
		{8083FBFB-7C2C-419A-BC8C-D5B2FB314594}.Debug|x64.ActiveCfg = Debug|x64
		{8083FBFB-7C2C-419A-BC8C-D5B2FB314594}.Debug|x64.Build.0 = Debug|x64
		{8083FBFB-7C2C-419A-BC8C-D5B2FB314594}.Debug|x86.ActiveCfg = Debug|Win32
		{8083FBFB-7C2C-419A-BC8C-D5B2FB314594}.Debug|x86.Build.0 = Debug|Win32
		{8083FBFB-7C2C-419A-BC8C-D5B2FB314594}.Release|x64.ActiveCfg = Release|x64
		{8083FBFB-7C2C-419A-BC8C-D5B2FB314594}.Release|x64.Build.0 = Release|x64
		{8083FBFB-7C2C-419A-BC8C-D5B2FB314594}.Release|x86.ActiveCfg = Release|Win32
		{8083FBFB-7C2C-419A-BC8C-D5B2FB314594}.Release|x86.Build.0 = Release|Win32
	EndGlobalSection
	GlobalSection(SolutionProperties) = preSolution
		HideSolutionNode = FALSE
	EndGlobalSection
	GlobalSection(ExtensibilityGlobals) = postSolution
		SolutionGuid = {23425B50-EC63-4E47-81DA-E10910280F64}
	EndGlobalSection
EndGlobal
